// !$*UTF8*$!
{
	archiveVersion = 1;
	classes = {
	};
	objectVersion = 50;
	objects = {

/* Begin PBXBuildFile section */
		B1575C44241E13AD00A1F047 /* AppDelegate.m in Sources */ = {isa = PBXBuildFile; fileRef = B1575C43241E13AD00A1F047 /* AppDelegate.m */; };
		B1575C47241E13AD00A1F047 /* SceneDelegate.m in Sources */ = {isa = PBXBuildFile; fileRef = B1575C46241E13AD00A1F047 /* SceneDelegate.m */; };
		B1575C4F241E13AF00A1F047 /* Assets.xcassets in Resources */ = {isa = PBXBuildFile; fileRef = B1575C4E241E13AF00A1F047 /* Assets.xcassets */; };
		B1575C52241E13AF00A1F047 /* LaunchScreen.storyboard in Resources */ = {isa = PBXBuildFile; fileRef = B1575C50241E13AF00A1F047 /* LaunchScreen.storyboard */; };
		B1575C55241E13AF00A1F047 /* main.m in Sources */ = {isa = PBXBuildFile; fileRef = B1575C54241E13AF00A1F047 /* main.m */; };
		B1575C5F241E13AF00A1F047 /* objC_FileManagerTests.m in Sources */ = {isa = PBXBuildFile; fileRef = B1575C5E241E13AF00A1F047 /* objC_FileManagerTests.m */; };
		B1575C6A241E13AF00A1F047 /* objC_FileManagerUITests.m in Sources */ = {isa = PBXBuildFile; fileRef = B1575C69241E13AF00A1F047 /* objC_FileManagerUITests.m */; };
		B1575C79241E148500A1F047 /* TableViewController.m in Sources */ = {isa = PBXBuildFile; fileRef = B1575C78241E148500A1F047 /* TableViewController.m */; };
/* End PBXBuildFile section */

/* Begin PBXContainerItemProxy section */
		B1575C5B241E13AF00A1F047 /* PBXContainerItemProxy */ = {
			isa = PBXContainerItemProxy;
			containerPortal = B1575C37241E13AD00A1F047 /* Project object */;
			proxyType = 1;
			remoteGlobalIDString = B1575C3E241E13AD00A1F047;
			remoteInfo = objC_FileManager;
		};
		B1575C66241E13AF00A1F047 /* PBXContainerItemProxy */ = {
			isa = PBXContainerItemProxy;
			containerPortal = B1575C37241E13AD00A1F047 /* Project object */;
			proxyType = 1;
			remoteGlobalIDString = B1575C3E241E13AD00A1F047;
			remoteInfo = objC_FileManager;
		};
/* End PBXContainerItemProxy section */

/* Begin PBXFileReference section */
		B1575C3F241E13AD00A1F047 /* objC_FileManager.app */ = {isa = PBXFileReference; explicitFileType = wrapper.application; includeInIndex = 0; path = objC_FileManager.app; sourceTree = BUILT_PRODUCTS_DIR; };
		B1575C42241E13AD00A1F047 /* AppDelegate.h */ = {isa = PBXFileReference; lastKnownFileType = sourcecode.c.h; path = AppDelegate.h; sourceTree = "<group>"; };
		B1575C43241E13AD00A1F047 /* AppDelegate.m */ = {isa = PBXFileReference; lastKnownFileType = sourcecode.c.objc; path = AppDelegate.m; sourceTree = "<group>"; };
		B1575C45241E13AD00A1F047 /* SceneDelegate.h */ = {isa = PBXFileReference; lastKnownFileType = sourcecode.c.h; path = SceneDelegate.h; sourceTree = "<group>"; };
		B1575C46241E13AD00A1F047 /* SceneDelegate.m */ = {isa = PBXFileReference; lastKnownFileType = sourcecode.c.objc; path = SceneDelegate.m; sourceTree = "<group>"; };
		B1575C4E241E13AF00A1F047 /* Assets.xcassets */ = {isa = PBXFileReference; lastKnownFileType = folder.assetcatalog; path = Assets.xcassets; sourceTree = "<group>"; };
		B1575C51241E13AF00A1F047 /* Base */ = {isa = PBXFileReference; lastKnownFileType = file.storyboard; name = Base; path = Base.lproj/LaunchScreen.storyboard; sourceTree = "<group>"; };
		B1575C53241E13AF00A1F047 /* Info.plist */ = {isa = PBXFileReference; lastKnownFileType = text.plist.xml; path = Info.plist; sourceTree = "<group>"; };
		B1575C54241E13AF00A1F047 /* main.m */ = {isa = PBXFileReference; lastKnownFileType = sourcecode.c.objc; path = main.m; sourceTree = "<group>"; };
		B1575C5A241E13AF00A1F047 /* objC_FileManagerTests.xctest */ = {isa = PBXFileReference; explicitFileType = wrapper.cfbundle; includeInIndex = 0; path = objC_FileManagerTests.xctest; sourceTree = BUILT_PRODUCTS_DIR; };
		B1575C5E241E13AF00A1F047 /* objC_FileManagerTests.m */ = {isa = PBXFileReference; lastKnownFileType = sourcecode.c.objc; path = objC_FileManagerTests.m; sourceTree = "<group>"; };
		B1575C60241E13AF00A1F047 /* Info.plist */ = {isa = PBXFileReference; lastKnownFileType = text.plist.xml; path = Info.plist; sourceTree = "<group>"; };
		B1575C65241E13AF00A1F047 /* objC_FileManagerUITests.xctest */ = {isa = PBXFileReference; explicitFileType = wrapper.cfbundle; includeInIndex = 0; path = objC_FileManagerUITests.xctest; sourceTree = BUILT_PRODUCTS_DIR; };
		B1575C69241E13AF00A1F047 /* objC_FileManagerUITests.m */ = {isa = PBXFileReference; lastKnownFileType = sourcecode.c.objc; path = objC_FileManagerUITests.m; sourceTree = "<group>"; };
		B1575C6B241E13AF00A1F047 /* Info.plist */ = {isa = PBXFileReference; lastKnownFileType = text.plist.xml; path = Info.plist; sourceTree = "<group>"; };
		B1575C77241E148500A1F047 /* TableViewController.h */ = {isa = PBXFileReference; lastKnownFileType = sourcecode.c.h; path = TableViewController.h; sourceTree = "<group>"; };
		B1575C78241E148500A1F047 /* TableViewController.m */ = {isa = PBXFileReference; lastKnownFileType = sourcecode.c.objc; path = TableViewController.m; sourceTree = "<group>"; };
/* End PBXFileReference section */

/* Begin PBXFrameworksBuildPhase section */
		B1575C3C241E13AD00A1F047 /* Frameworks */ = {
			isa = PBXFrameworksBuildPhase;
			buildActionMask = 2147483647;
			files = (
			);
			runOnlyForDeploymentPostprocessing = 0;
		};
		B1575C57241E13AF00A1F047 /* Frameworks */ = {
			isa = PBXFrameworksBuildPhase;
			buildActionMask = 2147483647;
			files = (
			);
			runOnlyForDeploymentPostprocessing = 0;
		};
		B1575C62241E13AF00A1F047 /* Frameworks */ = {
			isa = PBXFrameworksBuildPhase;
			buildActionMask = 2147483647;
			files = (
			);
			runOnlyForDeploymentPostprocessing = 0;
		};
/* End PBXFrameworksBuildPhase section */

/* Begin PBXGroup section */
		B1575C36241E13AD00A1F047 = {
			isa = PBXGroup;
			children = (
				B1575C41241E13AD00A1F047 /* objC_FileManager */,
				B1575C5D241E13AF00A1F047 /* objC_FileManagerTests */,
				B1575C68241E13AF00A1F047 /* objC_FileManagerUITests */,
				B1575C40241E13AD00A1F047 /* Products */,
			);
			sourceTree = "<group>";
		};
		B1575C40241E13AD00A1F047 /* Products */ = {
			isa = PBXGroup;
			children = (
				B1575C3F241E13AD00A1F047 /* objC_FileManager.app */,
				B1575C5A241E13AF00A1F047 /* objC_FileManagerTests.xctest */,
				B1575C65241E13AF00A1F047 /* objC_FileManagerUITests.xctest */,
			);
			name = Products;
			sourceTree = "<group>";
		};
		B1575C41241E13AD00A1F047 /* objC_FileManager */ = {
			isa = PBXGroup;
			children = (
				B1575C42241E13AD00A1F047 /* AppDelegate.h */,
				B1575C43241E13AD00A1F047 /* AppDelegate.m */,
				B1575C45241E13AD00A1F047 /* SceneDelegate.h */,
				B1575C46241E13AD00A1F047 /* SceneDelegate.m */,
				B1575C4E241E13AF00A1F047 /* Assets.xcassets */,
				B1575C50241E13AF00A1F047 /* LaunchScreen.storyboard */,
				B1575C53241E13AF00A1F047 /* Info.plist */,
				B1575C54241E13AF00A1F047 /* main.m */,
				B1575C77241E148500A1F047 /* TableViewController.h */,
				B1575C78241E148500A1F047 /* TableViewController.m */,
			);
			path = objC_FileManager;
			sourceTree = "<group>";
		};
		B1575C5D241E13AF00A1F047 /* objC_FileManagerTests */ = {
			isa = PBXGroup;
			children = (
				B1575C5E241E13AF00A1F047 /* objC_FileManagerTests.m */,
				B1575C60241E13AF00A1F047 /* Info.plist */,
			);
			path = objC_FileManagerTests;
			sourceTree = "<group>";
		};
		B1575C68241E13AF00A1F047 /* objC_FileManagerUITests */ = {
			isa = PBXGroup;
			children = (
				B1575C69241E13AF00A1F047 /* objC_FileManagerUITests.m */,
				B1575C6B241E13AF00A1F047 /* Info.plist */,
			);
			path = objC_FileManagerUITests;
			sourceTree = "<group>";
		};
/* End PBXGroup section */

/* Begin PBXNativeTarget section */
		B1575C3E241E13AD00A1F047 /* objC_FileManager */ = {
			isa = PBXNativeTarget;
			buildConfigurationList = B1575C6E241E13AF00A1F047 /* Build configuration list for PBXNativeTarget "objC_FileManager" */;
			buildPhases = (
				B1575C3B241E13AD00A1F047 /* Sources */,
				B1575C3C241E13AD00A1F047 /* Frameworks */,
				B1575C3D241E13AD00A1F047 /* Resources */,
			);
			buildRules = (
			);
			dependencies = (
			);
			name = objC_FileManager;
			productName = objC_FileManager;
			productReference = B1575C3F241E13AD00A1F047 /* objC_FileManager.app */;
			productType = "com.apple.product-type.application";
		};
		B1575C59241E13AF00A1F047 /* objC_FileManagerTests */ = {
			isa = PBXNativeTarget;
			buildConfigurationList = B1575C71241E13AF00A1F047 /* Build configuration list for PBXNativeTarget "objC_FileManagerTests" */;
			buildPhases = (
				B1575C56241E13AF00A1F047 /* Sources */,
				B1575C57241E13AF00A1F047 /* Frameworks */,
				B1575C58241E13AF00A1F047 /* Resources */,
			);
			buildRules = (
			);
			dependencies = (
				B1575C5C241E13AF00A1F047 /* PBXTargetDependency */,
			);
			name = objC_FileManagerTests;
			productName = objC_FileManagerTests;
			productReference = B1575C5A241E13AF00A1F047 /* objC_FileManagerTests.xctest */;
			productType = "com.apple.product-type.bundle.unit-test";
		};
		B1575C64241E13AF00A1F047 /* objC_FileManagerUITests */ = {
			isa = PBXNativeTarget;
			buildConfigurationList = B1575C74241E13AF00A1F047 /* Build configuration list for PBXNativeTarget "objC_FileManagerUITests" */;
			buildPhases = (
				B1575C61241E13AF00A1F047 /* Sources */,
				B1575C62241E13AF00A1F047 /* Frameworks */,
				B1575C63241E13AF00A1F047 /* Resources */,
			);
			buildRules = (
			);
			dependencies = (
				B1575C67241E13AF00A1F047 /* PBXTargetDependency */,
			);
			name = objC_FileManagerUITests;
			productName = objC_FileManagerUITests;
			productReference = B1575C65241E13AF00A1F047 /* objC_FileManagerUITests.xctest */;
			productType = "com.apple.product-type.bundle.ui-testing";
		};
/* End PBXNativeTarget section */

/* Begin PBXProject section */
		B1575C37241E13AD00A1F047 /* Project object */ = {
			isa = PBXProject;
			attributes = {
				LastUpgradeCheck = 1110;
				ORGANIZATIONNAME = com.kluv.hw24;
				TargetAttributes = {
					B1575C3E241E13AD00A1F047 = {
						CreatedOnToolsVersion = 11.1;
					};
					B1575C59241E13AF00A1F047 = {
						CreatedOnToolsVersion = 11.1;
						TestTargetID = B1575C3E241E13AD00A1F047;
					};
					B1575C64241E13AF00A1F047 = {
						CreatedOnToolsVersion = 11.1;
						TestTargetID = B1575C3E241E13AD00A1F047;
					};
				};
			};
			buildConfigurationList = B1575C3A241E13AD00A1F047 /* Build configuration list for PBXProject "objC_FileManager" */;
			compatibilityVersion = "Xcode 9.3";
			developmentRegion = en;
			hasScannedForEncodings = 0;
			knownRegions = (
				en,
				Base,
			);
			mainGroup = B1575C36241E13AD00A1F047;
			productRefGroup = B1575C40241E13AD00A1F047 /* Products */;
			projectDirPath = "";
			projectRoot = "";
			targets = (
				B1575C3E241E13AD00A1F047 /* objC_FileManager */,
				B1575C59241E13AF00A1F047 /* objC_FileManagerTests */,
				B1575C64241E13AF00A1F047 /* objC_FileManagerUITests */,
			);
		};
/* End PBXProject section */

/* Begin PBXResourcesBuildPhase section */
		B1575C3D241E13AD00A1F047 /* Resources */ = {
			isa = PBXResourcesBuildPhase;
			buildActionMask = 2147483647;
			files = (
				B1575C52241E13AF00A1F047 /* LaunchScreen.storyboard in Resources */,
				B1575C4F241E13AF00A1F047 /* Assets.xcassets in Resources */,
			);
			runOnlyForDeploymentPostprocessing = 0;
		};
		B1575C58241E13AF00A1F047 /* Resources */ = {
			isa = PBXResourcesBuildPhase;
			buildActionMask = 2147483647;
			files = (
			);
			runOnlyForDeploymentPostprocessing = 0;
		};
		B1575C63241E13AF00A1F047 /* Resources */ = {
			isa = PBXResourcesBuildPhase;
			buildActionMask = 2147483647;
			files = (
			);
			runOnlyForDeploymentPostprocessing = 0;
		};
/* End PBXResourcesBuildPhase section */

/* Begin PBXSourcesBuildPhase section */
		B1575C3B241E13AD00A1F047 /* Sources */ = {
			isa = PBXSourcesBuildPhase;
			buildActionMask = 2147483647;
			files = (
				B1575C44241E13AD00A1F047 /* AppDelegate.m in Sources */,
				B1575C55241E13AF00A1F047 /* main.m in Sources */,
				B1575C47241E13AD00A1F047 /* SceneDelegate.m in Sources */,
				B1575C79241E148500A1F047 /* TableViewController.m in Sources */,
			);
			runOnlyForDeploymentPostprocessing = 0;
		};
		B1575C56241E13AF00A1F047 /* Sources */ = {
			isa = PBXSourcesBuildPhase;
			buildActionMask = 2147483647;
			files = (
				B1575C5F241E13AF00A1F047 /* objC_FileManagerTests.m in Sources */,
			);
			runOnlyForDeploymentPostprocessing = 0;
		};
		B1575C61241E13AF00A1F047 /* Sources */ = {
			isa = PBXSourcesBuildPhase;
			buildActionMask = 2147483647;
			files = (
				B1575C6A241E13AF00A1F047 /* objC_FileManagerUITests.m in Sources */,
			);
			runOnlyForDeploymentPostprocessing = 0;
		};
/* End PBXSourcesBuildPhase section */

/* Begin PBXTargetDependency section */
		B1575C5C241E13AF00A1F047 /* PBXTargetDependency */ = {
			isa = PBXTargetDependency;
			target = B1575C3E241E13AD00A1F047 /* objC_FileManager */;
			targetProxy = B1575C5B241E13AF00A1F047 /* PBXContainerItemProxy */;
		};
		B1575C67241E13AF00A1F047 /* PBXTargetDependency */ = {
			isa = PBXTargetDependency;
			target = B1575C3E241E13AD00A1F047 /* objC_FileManager */;
			targetProxy = B1575C66241E13AF00A1F047 /* PBXContainerItemProxy */;
		};
/* End PBXTargetDependency section */

/* Begin PBXVariantGroup section */
		B1575C50241E13AF00A1F047 /* LaunchScreen.storyboard */ = {
			isa = PBXVariantGroup;
			children = (
				B1575C51241E13AF00A1F047 /* Base */,
			);
			name = LaunchScreen.storyboard;
			sourceTree = "<group>";
		};
/* End PBXVariantGroup section */

/* Begin XCBuildConfiguration section */
		B1575C6C241E13AF00A1F047 /* Debug */ = {
			isa = XCBuildConfiguration;
			buildSettings = {
				ALWAYS_SEARCH_USER_PATHS = NO;
				CLANG_ANALYZER_NONNULL = YES;
				CLANG_ANALYZER_NUMBER_OBJECT_CONVERSION = YES_AGGRESSIVE;
				CLANG_CXX_LANGUAGE_STANDARD = "gnu++14";
				CLANG_CXX_LIBRARY = "libc++";
				CLANG_ENABLE_MODULES = YES;
				CLANG_ENABLE_OBJC_ARC = YES;
				CLANG_ENABLE_OBJC_WEAK = YES;
				CLANG_WARN_BLOCK_CAPTURE_AUTORELEASING = YES;
				CLANG_WARN_BOOL_CONVERSION = YES;
				CLANG_WARN_COMMA = YES;
				CLANG_WARN_CONSTANT_CONVERSION = YES;
				CLANG_WARN_DEPRECATED_OBJC_IMPLEMENTATIONS = YES;
				CLANG_WARN_DIRECT_OBJC_ISA_USAGE = YES_ERROR;
				CLANG_WARN_DOCUMENTATION_COMMENTS = YES;
				CLANG_WARN_EMPTY_BODY = YES;
				CLANG_WARN_ENUM_CONVERSION = YES;
				CLANG_WARN_INFINITE_RECURSION = YES;
				CLANG_WARN_INT_CONVERSION = YES;
				CLANG_WARN_NON_LITERAL_NULL_CONVERSION = YES;
				CLANG_WARN_OBJC_IMPLICIT_RETAIN_SELF = YES;
				CLANG_WARN_OBJC_LITERAL_CONVERSION = YES;
				CLANG_WARN_OBJC_ROOT_CLASS = YES_ERROR;
				CLANG_WARN_RANGE_LOOP_ANALYSIS = YES;
				CLANG_WARN_STRICT_PROTOTYPES = YES;
				CLANG_WARN_SUSPICIOUS_MOVE = YES;
				CLANG_WARN_UNGUARDED_AVAILABILITY = YES_AGGRESSIVE;
				CLANG_WARN_UNREACHABLE_CODE = YES;
				CLANG_WARN__DUPLICATE_METHOD_MATCH = YES;
				COPY_PHASE_STRIP = NO;
				DEBUG_INFORMATION_FORMAT = dwarf;
				ENABLE_STRICT_OBJC_MSGSEND = YES;
				ENABLE_TESTABILITY = YES;
				GCC_C_LANGUAGE_STANDARD = gnu11;
				GCC_DYNAMIC_NO_PIC = NO;
				GCC_NO_COMMON_BLOCKS = YES;
				GCC_OPTIMIZATION_LEVEL = 0;
				GCC_PREPROCESSOR_DEFINITIONS = (
					"DEBUG=1",
					"$(inherited)",
				);
				GCC_WARN_64_TO_32_BIT_CONVERSION = YES;
				GCC_WARN_ABOUT_RETURN_TYPE = YES_ERROR;
				GCC_WARN_UNDECLARED_SELECTOR = YES;
				GCC_WARN_UNINITIALIZED_AUTOS = YES_AGGRESSIVE;
				GCC_WARN_UNUSED_FUNCTION = YES;
				GCC_WARN_UNUSED_VARIABLE = YES;
				IPHONEOS_DEPLOYMENT_TARGET = 13.1;
				MTL_ENABLE_DEBUG_INFO = INCLUDE_SOURCE;
				MTL_FAST_MATH = YES;
				ONLY_ACTIVE_ARCH = YES;
				SDKROOT = iphoneos;
			};
			name = Debug;
		};
		B1575C6D241E13AF00A1F047 /* Release */ = {
			isa = XCBuildConfiguration;
			buildSettings = {
				ALWAYS_SEARCH_USER_PATHS = NO;
				CLANG_ANALYZER_NONNULL = YES;
				CLANG_ANALYZER_NUMBER_OBJECT_CONVERSION = YES_AGGRESSIVE;
				CLANG_CXX_LANGUAGE_STANDARD = "gnu++14";
				CLANG_CXX_LIBRARY = "libc++";
				CLANG_ENABLE_MODULES = YES;
				CLANG_ENABLE_OBJC_ARC = YES;
				CLANG_ENABLE_OBJC_WEAK = YES;
				CLANG_WARN_BLOCK_CAPTURE_AUTORELEASING = YES;
				CLANG_WARN_BOOL_CONVERSION = YES;
				CLANG_WARN_COMMA = YES;
				CLANG_WARN_CONSTANT_CONVERSION = YES;
				CLANG_WARN_DEPRECATED_OBJC_IMPLEMENTATIONS = YES;
				CLANG_WARN_DIRECT_OBJC_ISA_USAGE = YES_ERROR;
				CLANG_WARN_DOCUMENTATION_COMMENTS = YES;
				CLANG_WARN_EMPTY_BODY = YES;
				CLANG_WARN_ENUM_CONVERSION = YES;
				CLANG_WARN_INFINITE_RECURSION = YES;
				CLANG_WARN_INT_CONVERSION = YES;
				CLANG_WARN_NON_LITERAL_NULL_CONVERSION = YES;
				CLANG_WARN_OBJC_IMPLICIT_RETAIN_SELF = YES;
				CLANG_WARN_OBJC_LITERAL_CONVERSION = YES;
				CLANG_WARN_OBJC_ROOT_CLASS = YES_ERROR;
				CLANG_WARN_RANGE_LOOP_ANALYSIS = YES;
				CLANG_WARN_STRICT_PROTOTYPES = YES;
				CLANG_WARN_SUSPICIOUS_MOVE = YES;
				CLANG_WARN_UNGUARDED_AVAILABILITY = YES_AGGRESSIVE;
				CLANG_WARN_UNREACHABLE_CODE = YES;
				CLANG_WARN__DUPLICATE_METHOD_MATCH = YES;
				COPY_PHASE_STRIP = NO;
				DEBUG_INFORMATION_FORMAT = "dwarf-with-dsym";
				ENABLE_NS_ASSERTIONS = NO;
				ENABLE_STRICT_OBJC_MSGSEND = YES;
				GCC_C_LANGUAGE_STANDARD = gnu11;
				GCC_NO_COMMON_BLOCKS = YES;
				GCC_WARN_64_TO_32_BIT_CONVERSION = YES;
				GCC_WARN_ABOUT_RETURN_TYPE = YES_ERROR;
				GCC_WARN_UNDECLARED_SELECTOR = YES;
				GCC_WARN_UNINITIALIZED_AUTOS = YES_AGGRESSIVE;
				GCC_WARN_UNUSED_FUNCTION = YES;
				GCC_WARN_UNUSED_VARIABLE = YES;
				IPHONEOS_DEPLOYMENT_TARGET = 13.1;
				MTL_ENABLE_DEBUG_INFO = NO;
				MTL_FAST_MATH = YES;
				SDKROOT = iphoneos;
				VALIDATE_PRODUCT = YES;
			};
			name = Release;
		};
		B1575C6F241E13AF00A1F047 /* Debug */ = {
			isa = XCBuildConfiguration;
			buildSettings = {
				ASSETCATALOG_COMPILER_APPICON_NAME = AppIcon;
				CODE_SIGN_STYLE = Automatic;
				DEVELOPMENT_TEAM = DUBTL9M98H;
				INFOPLIST_FILE = objC_FileManager/Info.plist;
				LD_RUNPATH_SEARCH_PATHS = (
					"$(inherited)",
					"@executable_path/Frameworks",
				);
				PRODUCT_BUNDLE_IDENTIFIER = "itotdel.kluv.objC-FileManager";
				PRODUCT_NAME = "$(TARGET_NAME)";
				TARGETED_DEVICE_FAMILY = "1,2";
			};
			name = Debug;
		};
		B1575C70241E13AF00A1F047 /* Release */ = {
			isa = XCBuildConfiguration;
			buildSettings = {
				ASSETCATALOG_COMPILER_APPICON_NAME = AppIcon;
				CODE_SIGN_STYLE = Automatic;
				DEVELOPMENT_TEAM = DUBTL9M98H;
				INFOPLIST_FILE = objC_FileManager/Info.plist;
				LD_RUNPATH_SEARCH_PATHS = (
					"$(inherited)",
					"@executable_path/Frameworks",
				);
				PRODUCT_BUNDLE_IDENTIFIER = "itotdel.kluv.objC-FileManager";
				PRODUCT_NAME = "$(TARGET_NAME)";
				TARGETED_DEVICE_FAMILY = "1,2";
			};
			name = Release;
		};
		B1575C72241E13AF00A1F047 /* Debug */ = {
			isa = XCBuildConfiguration;
			buildSettings = {
				BUNDLE_LOADER = "$(TEST_HOST)";
				CODE_SIGN_STYLE = Automatic;
				DEVELOPMENT_TEAM = DUBTL9M98H;
				INFOPLIST_FILE = objC_FileManagerTests/Info.plist;
				IPHONEOS_DEPLOYMENT_TARGET = 13.1;
				LD_RUNPATH_SEARCH_PATHS = (
					"$(inherited)",
					"@executable_path/Frameworks",
					"@loader_path/Frameworks",
				);
				PRODUCT_BUNDLE_IDENTIFIER = "itotdel.kluv.objC-FileManagerTests";
				PRODUCT_NAME = "$(TARGET_NAME)";
				TARGETED_DEVICE_FAMILY = "1,2";
				TEST_HOST = "$(BUILT_PRODUCTS_DIR)/objC_FileManager.app/objC_FileManager";
			};
			name = Debug;
		};
		B1575C73241E13AF00A1F047 /* Release */ = {
			isa = XCBuildConfiguration;
			buildSettings = {
				BUNDLE_LOADER = "$(TEST_HOST)";
				CODE_SIGN_STYLE = Automatic;
				DEVELOPMENT_TEAM = DUBTL9M98H;
				INFOPLIST_FILE = objC_FileManagerTests/Info.plist;
				IPHONEOS_DEPLOYMENT_TARGET = 13.1;
				LD_RUNPATH_SEARCH_PATHS = (
					"$(inherited)",
					"@executable_path/Frameworks",
					"@loader_path/Frameworks",
				);
				PRODUCT_BUNDLE_IDENTIFIER = "itotdel.kluv.objC-FileManagerTests";
				PRODUCT_NAME = "$(TARGET_NAME)";
				TARGETED_DEVICE_FAMILY = "1,2";
				TEST_HOST = "$(BUILT_PRODUCTS_DIR)/objC_FileManager.app/objC_FileManager";
			};
			name = Release;
		};
		B1575C75241E13AF00A1F047 /* Debug */ = {
			isa = XCBuildConfiguration;
			buildSettings = {
				CODE_SIGN_STYLE = Automatic;
				DEVELOPMENT_TEAM = DUBTL9M98H;
				INFOPLIST_FILE = objC_FileManagerUITests/Info.plist;
				LD_RUNPATH_SEARCH_PATHS = (
					"$(inherited)",
					"@executable_path/Frameworks",
					"@loader_path/Frameworks",
				);
				PRODUCT_BUNDLE_IDENTIFIER = "itotdel.kluv.objC-FileManagerUITests";
				PRODUCT_NAME = "$(TARGET_NAME)";
				TARGETED_DEVICE_FAMILY = "1,2";
				TEST_TARGET_NAME = objC_FileManager;
			};
			name = Debug;
		};
		B1575C76241E13AF00A1F047 /* Release */ = {
			isa = XCBuildConfiguration;
			buildSettings = {
				CODE_SIGN_STYLE = Automatic;
				DEVELOPMENT_TEAM = DUBTL9M98H;
				INFOPLIST_FILE = objC_FileManagerUITests/Info.plist;
				LD_RUNPATH_SEARCH_PATHS = (
					"$(inherited)",
					"@executable_path/Frameworks",
					"@loader_path/Frameworks",
				);
				PRODUCT_BUNDLE_IDENTIFIER = "itotdel.kluv.objC-FileManagerUITests";
				PRODUCT_NAME = "$(TARGET_NAME)";
				TARGETED_DEVICE_FAMILY = "1,2";
				TEST_TARGET_NAME = objC_FileManager;
			};
			name = Release;
		};
/* End XCBuildConfiguration section */

/* Begin XCConfigurationList section */
		B1575C3A241E13AD00A1F047 /* Build configuration list for PBXProject "objC_FileManager" */ = {
			isa = XCConfigurationList;
			buildConfigurations = (
				B1575C6C241E13AF00A1F047 /* Debug */,
				B1575C6D241E13AF00A1F047 /* Release */,
			);
			defaultConfigurationIsVisible = 0;
			defaultConfigurationName = Release;
		};
		B1575C6E241E13AF00A1F047 /* Build configuration list for PBXNativeTarget "objC_FileManager" */ = {
			isa = XCConfigurationList;
			buildConfigurations = (
				B1575C6F241E13AF00A1F047 /* Debug */,
				B1575C70241E13AF00A1F047 /* Release */,
			);
			defaultConfigurationIsVisible = 0;
			defaultConfigurationName = Release;
		};
		B1575C71241E13AF00A1F047 /* Build configuration list for PBXNativeTarget "objC_FileManagerTests" */ = {
			isa = XCConfigurationList;
			buildConfigurations = (
				B1575C72241E13AF00A1F047 /* Debug */,
				B1575C73241E13AF00A1F047 /* Release */,
			);
			defaultConfigurationIsVisible = 0;
			defaultConfigurationName = Release;
		};
		B1575C74241E13AF00A1F047 /* Build configuration list for PBXNativeTarget "objC_FileManagerUITests" */ = {
			isa = XCConfigurationList;
			buildConfigurations = (
				B1575C75241E13AF00A1F047 /* Debug */,
				B1575C76241E13AF00A1F047 /* Release */,
			);
			defaultConfigurationIsVisible = 0;
			defaultConfigurationName = Release;
		};
/* End XCConfigurationList section */
	};
	rootObject = B1575C37241E13AD00A1F047 /* Project object */;
}
